
Microsoft Visual Studio Solution File, Format Version 12.00
# Visual Studio Version 17
VisualStudioVersion = 17.0.31903.59
MinimumVisualStudioVersion = 10.0.40219.1
Project("{FAE04EC0-301F-11D3-BF4B-00C04F79EFBC}") = "cSharpScraper", "cSharpScraper\cSharpScraper.csproj", "{6A6B04A8-D55A-4B7C-AF06-ED5EF5FEE382}"
EndProject
Project("{FAE04EC0-301F-11D3-BF4B-00C04F79EFBC}") = "cSharpScraperTests", "cSharpScraperTests\cSharpScraperTests.csproj", "{0C41A2E7-38CB-4CAB-8ED4-EB4D3F236634}"
EndProject
Project("{FAE04EC0-301F-11D3-BF4B-00C04F79EFBC}") = "Testing", "Testing\Testing.csproj", "{F229A440-6047-4C35-91EE-A41F733B84C8}"
EndProject
Global
	GlobalSection(SolutionConfigurationPlatforms) = preSolution
		Debug|Any CPU = Debug|Any CPU
		Release|Any CPU = Release|Any CPU
	EndGlobalSection
	GlobalSection(SolutionProperties) = preSolution
		HideSolutionNode = FALSE
	EndGlobalSection
	GlobalSection(ProjectConfigurationPlatforms) = postSolution
		{6A6B04A8-D55A-4B7C-AF06-ED5EF5FEE382}.Debug|Any CPU.ActiveCfg = Debug|Any CPU
		{6A6B04A8-D55A-4B7C-AF06-ED5EF5FEE382}.Debug|Any CPU.Build.0 = Debug|Any CPU
		{6A6B04A8-D55A-4B7C-AF06-ED5EF5FEE382}.Release|Any CPU.ActiveCfg = Release|Any CPU
		{6A6B04A8-D55A-4B7C-AF06-ED5EF5FEE382}.Release|Any CPU.Build.0 = Release|Any CPU
		{0C41A2E7-38CB-4CAB-8ED4-EB4D3F236634}.Debug|Any CPU.ActiveCfg = Debug|Any CPU
		{0C41A2E7-38CB-4CAB-8ED4-EB4D3F236634}.Debug|Any CPU.Build.0 = Debug|Any CPU
		{0C41A2E7-38CB-4CAB-8ED4-EB4D3F236634}.Release|Any CPU.ActiveCfg = Release|Any CPU
		{0C41A2E7-38CB-4CAB-8ED4-EB4D3F236634}.Release|Any CPU.Build.0 = Release|Any CPU
		{F229A440-6047-4C35-91EE-A41F733B84C8}.Debug|Any CPU.ActiveCfg = Debug|Any CPU
		{F229A440-6047-4C35-91EE-A41F733B84C8}.Debug|Any CPU.Build.0 = Debug|Any CPU
		{F229A440-6047-4C35-91EE-A41F733B84C8}.Release|Any CPU.ActiveCfg = Release|Any CPU
		{F229A440-6047-4C35-91EE-A41F733B84C8}.Release|Any CPU.Build.0 = Release|Any CPU
	EndGlobalSection
EndGlobal
